
Microsoft Visual Studio Solution File, Format Version 12.00
# Visual Studio Version 17
VisualStudioVersion = 17.6.33723.286
MinimumVisualStudioVersion = 10.0.40219.1
Project("{9A19103F-16F7-4668-BE54-9A1E7A4F7556}") = "ManageEmployeeInfo", "ManageEmployeeInfo\ManageEmployeeInfo.csproj", "{8615273C-A177-4DFC-BB09-724CD591469B}"
EndProject
Project("{FAE04EC0-301F-11D3-BF4B-00C04F79EFBC}") = "ManageEmployeeInfoTest", "ManageEmployeeInfoTest\ManageEmployeeInfoTest.csproj", "{EB73CEF5-4CA2-45D5-847E-CD5977CCB009}"
EndProject
Global
	GlobalSection(SolutionConfigurationPlatforms) = preSolution
		Debug|Any CPU = Debug|Any CPU
		Release|Any CPU = Release|Any CPU
	EndGlobalSection
	GlobalSection(ProjectConfigurationPlatforms) = postSolution
		{8615273C-A177-4DFC-BB09-724CD591469B}.Debug|Any CPU.ActiveCfg = Debug|Any CPU
		{8615273C-A177-4DFC-BB09-724CD591469B}.Debug|Any CPU.Build.0 = Debug|Any CPU
		{8615273C-A177-4DFC-BB09-724CD591469B}.Release|Any CPU.ActiveCfg = Release|Any CPU
		{8615273C-A177-4DFC-BB09-724CD591469B}.Release|Any CPU.Build.0 = Release|Any CPU
		{EB73CEF5-4CA2-45D5-847E-CD5977CCB009}.Debug|Any CPU.ActiveCfg = Debug|Any CPU
		{EB73CEF5-4CA2-45D5-847E-CD5977CCB009}.Debug|Any CPU.Build.0 = Debug|Any CPU
		{EB73CEF5-4CA2-45D5-847E-CD5977CCB009}.Release|Any CPU.ActiveCfg = Release|Any CPU
		{EB73CEF5-4CA2-45D5-847E-CD5977CCB009}.Release|Any CPU.Build.0 = Release|Any CPU
	EndGlobalSection
	GlobalSection(SolutionProperties) = preSolution
		HideSolutionNode = FALSE
	EndGlobalSection
	GlobalSection(ExtensibilityGlobals) = postSolution
		SolutionGuid = {D431F312-44DB-4645-90BA-43475D0B5661}
	EndGlobalSection
EndGlobal
